// !$*UTF8*$!
{
	archiveVersion = 1;
	classes = {
	};
	objectVersion = 48;
	objects = {

/* Begin PBXBuildFile section */
		1D5A8A4A200F99BB00570FB0 /* AppDelegate.swift in Sources */ = {isa = PBXBuildFile; fileRef = 1D5A8A49200F99BB00570FB0 /* AppDelegate.swift */; };
		1D5A8A4C200F99BB00570FB0 /* ViewController.swift in Sources */ = {isa = PBXBuildFile; fileRef = 1D5A8A4B200F99BB00570FB0 /* ViewController.swift */; };
		1D5A8A4F200F99BB00570FB0 /* Main.storyboard in Resources */ = {isa = PBXBuildFile; fileRef = 1D5A8A4D200F99BB00570FB0 /* Main.storyboard */; };
		1D5A8A51200F99BB00570FB0 /* Assets.xcassets in Resources */ = {isa = PBXBuildFile; fileRef = 1D5A8A50200F99BB00570FB0 /* Assets.xcassets */; };
		1D5A8A54200F99BB00570FB0 /* LaunchScreen.storyboard in Resources */ = {isa = PBXBuildFile; fileRef = 1D5A8A52200F99BB00570FB0 /* LaunchScreen.storyboard */; };
		1D5A8A5F200F99BB00570FB0 /* QuizTests.swift in Sources */ = {isa = PBXBuildFile; fileRef = 1D5A8A5E200F99BB00570FB0 /* QuizTests.swift */; };
		1D5A8A6A200F99BB00570FB0 /* QuizUITests.swift in Sources */ = {isa = PBXBuildFile; fileRef = 1D5A8A69200F99BB00570FB0 /* QuizUITests.swift */; };
/* End PBXBuildFile section */

/* Begin PBXContainerItemProxy section */
		1D5A8A5B200F99BB00570FB0 /* PBXContainerItemProxy */ = {
			isa = PBXContainerItemProxy;
			containerPortal = 1D5A8A3E200F99BB00570FB0 /* Project object */;
			proxyType = 1;
			remoteGlobalIDString = 1D5A8A45200F99BB00570FB0;
			remoteInfo = Quiz;
		};
		1D5A8A66200F99BB00570FB0 /* PBXContainerItemProxy */ = {
			isa = PBXContainerItemProxy;
			containerPortal = 1D5A8A3E200F99BB00570FB0 /* Project object */;
			proxyType = 1;
			remoteGlobalIDString = 1D5A8A45200F99BB00570FB0;
			remoteInfo = Quiz;
		};
/* End PBXContainerItemProxy section */

/* Begin PBXFileReference section */
		1D5A8A46200F99BB00570FB0 /* Quiz.app */ = {isa = PBXFileReference; explicitFileType = wrapper.application; includeInIndex = 0; path = Quiz.app; sourceTree = BUILT_PRODUCTS_DIR; };
		1D5A8A49200F99BB00570FB0 /* AppDelegate.swift */ = {isa = PBXFileReference; lastKnownFileType = sourcecode.swift; path = AppDelegate.swift; sourceTree = "<group>"; };
		1D5A8A4B200F99BB00570FB0 /* ViewController.swift */ = {isa = PBXFileReference; lastKnownFileType = sourcecode.swift; path = ViewController.swift; sourceTree = "<group>"; };
		1D5A8A4E200F99BB00570FB0 /* Base */ = {isa = PBXFileReference; lastKnownFileType = file.storyboard; name = Base; path = Base.lproj/Main.storyboard; sourceTree = "<group>"; };
		1D5A8A50200F99BB00570FB0 /* Assets.xcassets */ = {isa = PBXFileReference; lastKnownFileType = folder.assetcatalog; path = Assets.xcassets; sourceTree = "<group>"; };
		1D5A8A53200F99BB00570FB0 /* Base */ = {isa = PBXFileReference; lastKnownFileType = file.storyboard; name = Base; path = Base.lproj/LaunchScreen.storyboard; sourceTree = "<group>"; };
		1D5A8A55200F99BB00570FB0 /* Info.plist */ = {isa = PBXFileReference; lastKnownFileType = text.plist.xml; path = Info.plist; sourceTree = "<group>"; };
		1D5A8A5A200F99BB00570FB0 /* QuizTests.xctest */ = {isa = PBXFileReference; explicitFileType = wrapper.cfbundle; includeInIndex = 0; path = QuizTests.xctest; sourceTree = BUILT_PRODUCTS_DIR; };
		1D5A8A5E200F99BB00570FB0 /* QuizTests.swift */ = {isa = PBXFileReference; lastKnownFileType = sourcecode.swift; path = QuizTests.swift; sourceTree = "<group>"; };
		1D5A8A60200F99BB00570FB0 /* Info.plist */ = {isa = PBXFileReference; lastKnownFileType = text.plist.xml; path = Info.plist; sourceTree = "<group>"; };
		1D5A8A65200F99BB00570FB0 /* QuizUITests.xctest */ = {isa = PBXFileReference; explicitFileType = wrapper.cfbundle; includeInIndex = 0; path = QuizUITests.xctest; sourceTree = BUILT_PRODUCTS_DIR; };
		1D5A8A69200F99BB00570FB0 /* QuizUITests.swift */ = {isa = PBXFileReference; lastKnownFileType = sourcecode.swift; path = QuizUITests.swift; sourceTree = "<group>"; };
		1D5A8A6B200F99BB00570FB0 /* Info.plist */ = {isa = PBXFileReference; lastKnownFileType = text.plist.xml; path = Info.plist; sourceTree = "<group>"; };
/* End PBXFileReference section */

/* Begin PBXFrameworksBuildPhase section */
		1D5A8A43200F99BB00570FB0 /* Frameworks */ = {
			isa = PBXFrameworksBuildPhase;
			buildActionMask = 2147483647;
			files = (
			);
			runOnlyForDeploymentPostprocessing = 0;
		};
		1D5A8A57200F99BB00570FB0 /* Frameworks */ = {
			isa = PBXFrameworksBuildPhase;
			buildActionMask = 2147483647;
			files = (
			);
			runOnlyForDeploymentPostprocessing = 0;
		};
		1D5A8A62200F99BB00570FB0 /* Frameworks */ = {
			isa = PBXFrameworksBuildPhase;
			buildActionMask = 2147483647;
			files = (
			);
			runOnlyForDeploymentPostprocessing = 0;
		};
/* End PBXFrameworksBuildPhase section */

/* Begin PBXGroup section */
		1D5A8A3D200F99BB00570FB0 = {
			isa = PBXGroup;
			children = (
				1D5A8A48200F99BB00570FB0 /* Quiz */,
				1D5A8A5D200F99BB00570FB0 /* QuizTests */,
				1D5A8A68200F99BB00570FB0 /* QuizUITests */,
				1D5A8A47200F99BB00570FB0 /* Products */,
			);
			sourceTree = "<group>";
		};
		1D5A8A47200F99BB00570FB0 /* Products */ = {
			isa = PBXGroup;
			children = (
				1D5A8A46200F99BB00570FB0 /* Quiz.app */,
				1D5A8A5A200F99BB00570FB0 /* QuizTests.xctest */,
				1D5A8A65200F99BB00570FB0 /* QuizUITests.xctest */,
			);
			name = Products;
			sourceTree = "<group>";
		};
		1D5A8A48200F99BB00570FB0 /* Quiz */ = {
			isa = PBXGroup;
			children = (
				1D5A8A49200F99BB00570FB0 /* AppDelegate.swift */,
				1D5A8A4B200F99BB00570FB0 /* ViewController.swift */,
				1D5A8A4D200F99BB00570FB0 /* Main.storyboard */,
				1D5A8A50200F99BB00570FB0 /* Assets.xcassets */,
				1D5A8A52200F99BB00570FB0 /* LaunchScreen.storyboard */,
				1D5A8A55200F99BB00570FB0 /* Info.plist */,
			);
			path = Quiz;
			sourceTree = "<group>";
		};
		1D5A8A5D200F99BB00570FB0 /* QuizTests */ = {
			isa = PBXGroup;
			children = (
				1D5A8A5E200F99BB00570FB0 /* QuizTests.swift */,
				1D5A8A60200F99BB00570FB0 /* Info.plist */,
			);
			path = QuizTests;
			sourceTree = "<group>";
		};
		1D5A8A68200F99BB00570FB0 /* QuizUITests */ = {
			isa = PBXGroup;
			children = (
				1D5A8A69200F99BB00570FB0 /* QuizUITests.swift */,
				1D5A8A6B200F99BB00570FB0 /* Info.plist */,
			);
			path = QuizUITests;
			sourceTree = "<group>";
		};
/* End PBXGroup section */

/* Begin PBXNativeTarget section */
		1D5A8A45200F99BB00570FB0 /* Quiz */ = {
			isa = PBXNativeTarget;
			buildConfigurationList = 1D5A8A6E200F99BB00570FB0 /* Build configuration list for PBXNativeTarget "Quiz" */;
			buildPhases = (
				1D5A8A42200F99BB00570FB0 /* Sources */,
				1D5A8A43200F99BB00570FB0 /* Frameworks */,
				1D5A8A44200F99BB00570FB0 /* Resources */,
			);
			buildRules = (
			);
			dependencies = (
			);
			name = Quiz;
			productName = Quiz;
			productReference = 1D5A8A46200F99BB00570FB0 /* Quiz.app */;
			productType = "com.apple.product-type.application";
		};
		1D5A8A59200F99BB00570FB0 /* QuizTests */ = {
			isa = PBXNativeTarget;
			buildConfigurationList = 1D5A8A71200F99BB00570FB0 /* Build configuration list for PBXNativeTarget "QuizTests" */;
			buildPhases = (
				1D5A8A56200F99BB00570FB0 /* Sources */,
				1D5A8A57200F99BB00570FB0 /* Frameworks */,
				1D5A8A58200F99BB00570FB0 /* Resources */,
			);
			buildRules = (
			);
			dependencies = (
				1D5A8A5C200F99BB00570FB0 /* PBXTargetDependency */,
			);
			name = QuizTests;
			productName = QuizTests;
			productReference = 1D5A8A5A200F99BB00570FB0 /* QuizTests.xctest */;
			productType = "com.apple.product-type.bundle.unit-test";
		};
		1D5A8A64200F99BB00570FB0 /* QuizUITests */ = {
			isa = PBXNativeTarget;
			buildConfigurationList = 1D5A8A74200F99BB00570FB0 /* Build configuration list for PBXNativeTarget "QuizUITests" */;
			buildPhases = (
				1D5A8A61200F99BB00570FB0 /* Sources */,
				1D5A8A62200F99BB00570FB0 /* Frameworks */,
				1D5A8A63200F99BB00570FB0 /* Resources */,
			);
			buildRules = (
			);
			dependencies = (
				1D5A8A67200F99BB00570FB0 /* PBXTargetDependency */,
			);
			name = QuizUITests;
			productName = QuizUITests;
			productReference = 1D5A8A65200F99BB00570FB0 /* QuizUITests.xctest */;
			productType = "com.apple.product-type.bundle.ui-testing";
		};
/* End PBXNativeTarget section */

/* Begin PBXProject section */
		1D5A8A3E200F99BB00570FB0 /* Project object */ = {
			isa = PBXProject;
			attributes = {
				LastSwiftUpdateCheck = 0920;
				LastUpgradeCheck = 0920;
				ORGANIZATIONNAME = "Nicole Vavoules";
				TargetAttributes = {
					1D5A8A45200F99BB00570FB0 = {
						CreatedOnToolsVersion = 9.2;
						ProvisioningStyle = Automatic;
					};
					1D5A8A59200F99BB00570FB0 = {
						CreatedOnToolsVersion = 9.2;
						ProvisioningStyle = Automatic;
						TestTargetID = 1D5A8A45200F99BB00570FB0;
					};
					1D5A8A64200F99BB00570FB0 = {
						CreatedOnToolsVersion = 9.2;
						ProvisioningStyle = Automatic;
						TestTargetID = 1D5A8A45200F99BB00570FB0;
					};
				};
			};
			buildConfigurationList = 1D5A8A41200F99BB00570FB0 /* Build configuration list for PBXProject "Quiz" */;
			compatibilityVersion = "Xcode 8.0";
			developmentRegion = en;
			hasScannedForEncodings = 0;
			knownRegions = (
				en,
				Base,
			);
			mainGroup = 1D5A8A3D200F99BB00570FB0;
			productRefGroup = 1D5A8A47200F99BB00570FB0 /* Products */;
			projectDirPath = "";
			projectRoot = "";
			targets = (
				1D5A8A45200F99BB00570FB0 /* Quiz */,
				1D5A8A59200F99BB00570FB0 /* QuizTests */,
				1D5A8A64200F99BB00570FB0 /* QuizUITests */,
			);
		};
/* End PBXProject section */

/* Begin PBXResourcesBuildPhase section */
		1D5A8A44200F99BB00570FB0 /* Resources */ = {
			isa = PBXResourcesBuildPhase;
			buildActionMask = 2147483647;
			files = (
				1D5A8A54200F99BB00570FB0 /* LaunchScreen.storyboard in Resources */,
				1D5A8A51200F99BB00570FB0 /* Assets.xcassets in Resources */,
				1D5A8A4F200F99BB00570FB0 /* Main.storyboard in Resources */,
			);
			runOnlyForDeploymentPostprocessing = 0;
		};
		1D5A8A58200F99BB00570FB0 /* Resources */ = {
			isa = PBXResourcesBuildPhase;
			buildActionMask = 2147483647;
			files = (
			);
			runOnlyForDeploymentPostprocessing = 0;
		};
		1D5A8A63200F99BB00570FB0 /* Resources */ = {
			isa = PBXResourcesBuildPhase;
			buildActionMask = 2147483647;
			files = (
			);
			runOnlyForDeploymentPostprocessing = 0;
		};
/* End PBXResourcesBuildPhase section */

/* Begin PBXSourcesBuildPhase section */
		1D5A8A42200F99BB00570FB0 /* Sources */ = {
			isa = PBXSourcesBuildPhase;
			buildActionMask = 2147483647;
			files = (
				1D5A8A4C200F99BB00570FB0 /* ViewController.swift in Sources */,
				1D5A8A4A200F99BB00570FB0 /* AppDelegate.swift in Sources */,
			);
			runOnlyForDeploymentPostprocessing = 0;
		};
		1D5A8A56200F99BB00570FB0 /* Sources */ = {
			isa = PBXSourcesBuildPhase;
			buildActionMask = 2147483647;
			files = (
				1D5A8A5F200F99BB00570FB0 /* QuizTests.swift in Sources */,
			);
			runOnlyForDeploymentPostprocessing = 0;
		};
		1D5A8A61200F99BB00570FB0 /* Sources */ = {
			isa = PBXSourcesBuildPhase;
			buildActionMask = 2147483647;
			files = (
				1D5A8A6A200F99BB00570FB0 /* QuizUITests.swift in Sources */,
			);
			runOnlyForDeploymentPostprocessing = 0;
		};
/* End PBXSourcesBuildPhase section */

/* Begin PBXTargetDependency section */
		1D5A8A5C200F99BB00570FB0 /* PBXTargetDependency */ = {
			isa = PBXTargetDependency;
			target = 1D5A8A45200F99BB00570FB0 /* Quiz */;
			targetProxy = 1D5A8A5B200F99BB00570FB0 /* PBXContainerItemProxy */;
		};
		1D5A8A67200F99BB00570FB0 /* PBXTargetDependency */ = {
			isa = PBXTargetDependency;
			target = 1D5A8A45200F99BB00570FB0 /* Quiz */;
			targetProxy = 1D5A8A66200F99BB00570FB0 /* PBXContainerItemProxy */;
		};
/* End PBXTargetDependency section */

/* Begin PBXVariantGroup section */
		1D5A8A4D200F99BB00570FB0 /* Main.storyboard */ = {
			isa = PBXVariantGroup;
			children = (
				1D5A8A4E200F99BB00570FB0 /* Base */,
			);
			name = Main.storyboard;
			sourceTree = "<group>";
		};
		1D5A8A52200F99BB00570FB0 /* LaunchScreen.storyboard */ = {
			isa = PBXVariantGroup;
			children = (
				1D5A8A53200F99BB00570FB0 /* Base */,
			);
			name = LaunchScreen.storyboard;
			sourceTree = "<group>";
		};
/* End PBXVariantGroup section */

/* Begin XCBuildConfiguration section */
		1D5A8A6C200F99BB00570FB0 /* Debug */ = {
			isa = XCBuildConfiguration;
			buildSettings = {
				ALWAYS_SEARCH_USER_PATHS = NO;
				CLANG_ANALYZER_NONNULL = YES;
				CLANG_ANALYZER_NUMBER_OBJECT_CONVERSION = YES_AGGRESSIVE;
				CLANG_CXX_LANGUAGE_STANDARD = "gnu++14";
				CLANG_CXX_LIBRARY = "libc++";
				CLANG_ENABLE_MODULES = YES;
				CLANG_ENABLE_OBJC_ARC = YES;
				CLANG_WARN_BLOCK_CAPTURE_AUTORELEASING = YES;
				CLANG_WARN_BOOL_CONVERSION = YES;
				CLANG_WARN_COMMA = YES;
				CLANG_WARN_CONSTANT_CONVERSION = YES;
				CLANG_WARN_DIRECT_OBJC_ISA_USAGE = YES_ERROR;
				CLANG_WARN_DOCUMENTATION_COMMENTS = YES;
				CLANG_WARN_EMPTY_BODY = YES;
				CLANG_WARN_ENUM_CONVERSION = YES;
				CLANG_WARN_INFINITE_RECURSION = YES;
				CLANG_WARN_INT_CONVERSION = YES;
				CLANG_WARN_NON_LITERAL_NULL_CONVERSION = YES;
				CLANG_WARN_OBJC_LITERAL_CONVERSION = YES;
				CLANG_WARN_OBJC_ROOT_CLASS = YES_ERROR;
				CLANG_WARN_RANGE_LOOP_ANALYSIS = YES;
				CLANG_WARN_STRICT_PROTOTYPES = YES;
				CLANG_WARN_SUSPICIOUS_MOVE = YES;
				CLANG_WARN_UNGUARDED_AVAILABILITY = YES_AGGRESSIVE;
				CLANG_WARN_UNREACHABLE_CODE = YES;
				CLANG_WARN__DUPLICATE_METHOD_MATCH = YES;
				CODE_SIGN_IDENTITY = "iPhone Developer";
				COPY_PHASE_STRIP = NO;
				DEBUG_INFORMATION_FORMAT = dwarf;
				ENABLE_STRICT_OBJC_MSGSEND = YES;
				ENABLE_TESTABILITY = YES;
				GCC_C_LANGUAGE_STANDARD = gnu11;
				GCC_DYNAMIC_NO_PIC = NO;
				GCC_NO_COMMON_BLOCKS = YES;
				GCC_OPTIMIZATION_LEVEL = 0;
				GCC_PREPROCESSOR_DEFINITIONS = (
					"DEBUG=1",
					"$(inherited)",
				);
				GCC_WARN_64_TO_32_BIT_CONVERSION = YES;
				GCC_WARN_ABOUT_RETURN_TYPE = YES_ERROR;
				GCC_WARN_UNDECLARED_SELECTOR = YES;
				GCC_WARN_UNINITIALIZED_AUTOS = YES_AGGRESSIVE;
				GCC_WARN_UNUSED_FUNCTION = YES;
				GCC_WARN_UNUSED_VARIABLE = YES;
				IPHONEOS_DEPLOYMENT_TARGET = 11.2;
				MTL_ENABLE_DEBUG_INFO = YES;
				ONLY_ACTIVE_ARCH = YES;
				SDKROOT = iphoneos;
				SWIFT_ACTIVE_COMPILATION_CONDITIONS = DEBUG;
				SWIFT_OPTIMIZATION_LEVEL = "-Onone";
			};
			name = Debug;
		};
		1D5A8A6D200F99BB00570FB0 /* Release */ = {
			isa = XCBuildConfiguration;
			buildSettings = {
				ALWAYS_SEARCH_USER_PATHS = NO;
				CLANG_ANALYZER_NONNULL = YES;
				CLANG_ANALYZER_NUMBER_OBJECT_CONVERSION = YES_AGGRESSIVE;
				CLANG_CXX_LANGUAGE_STANDARD = "gnu++14";
				CLANG_CXX_LIBRARY = "libc++";
				CLANG_ENABLE_MODULES = YES;
				CLANG_ENABLE_OBJC_ARC = YES;
				CLANG_WARN_BLOCK_CAPTURE_AUTORELEASING = YES;
				CLANG_WARN_BOOL_CONVERSION = YES;
				CLANG_WARN_COMMA = YES;
				CLANG_WARN_CONSTANT_CONVERSION = YES;
				CLANG_WARN_DIRECT_OBJC_ISA_USAGE = YES_ERROR;
				CLANG_WARN_DOCUMENTATION_COMMENTS = YES;
				CLANG_WARN_EMPTY_BODY = YES;
				CLANG_WARN_ENUM_CONVERSION = YES;
				CLANG_WARN_INFINITE_RECURSION = YES;
				CLANG_WARN_INT_CONVERSION = YES;
				CLANG_WARN_NON_LITERAL_NULL_CONVERSION = YES;
				CLANG_WARN_OBJC_LITERAL_CONVERSION = YES;
				CLANG_WARN_OBJC_ROOT_CLASS = YES_ERROR;
				CLANG_WARN_RANGE_LOOP_ANALYSIS = YES;
				CLANG_WARN_STRICT_PROTOTYPES = YES;
				CLANG_WARN_SUSPICIOUS_MOVE = YES;
				CLANG_WARN_UNGUARDED_AVAILABILITY = YES_AGGRESSIVE;
				CLANG_WARN_UNREACHABLE_CODE = YES;
				CLANG_WARN__DUPLICATE_METHOD_MATCH = YES;
				CODE_SIGN_IDENTITY = "iPhone Developer";
				COPY_PHASE_STRIP = NO;
				DEBUG_INFORMATION_FORMAT = "dwarf-with-dsym";
				ENABLE_NS_ASSERTIONS = NO;
				ENABLE_STRICT_OBJC_MSGSEND = YES;
				GCC_C_LANGUAGE_STANDARD = gnu11;
				GCC_NO_COMMON_BLOCKS = YES;
				GCC_WARN_64_TO_32_BIT_CONVERSION = YES;
				GCC_WARN_ABOUT_RETURN_TYPE = YES_ERROR;
				GCC_WARN_UNDECLARED_SELECTOR = YES;
				GCC_WARN_UNINITIALIZED_AUTOS = YES_AGGRESSIVE;
				GCC_WARN_UNUSED_FUNCTION = YES;
				GCC_WARN_UNUSED_VARIABLE = YES;
				IPHONEOS_DEPLOYMENT_TARGET = 11.2;
				MTL_ENABLE_DEBUG_INFO = NO;
				SDKROOT = iphoneos;
				SWIFT_OPTIMIZATION_LEVEL = "-Owholemodule";
				VALIDATE_PRODUCT = YES;
			};
			name = Release;
		};
		1D5A8A6F200F99BB00570FB0 /* Debug */ = {
			isa = XCBuildConfiguration;
			buildSettings = {
				ASSETCATALOG_COMPILER_APPICON_NAME = AppIcon;
				CODE_SIGN_STYLE = Automatic;
				INFOPLIST_FILE = Quiz/Info.plist;
				LD_RUNPATH_SEARCH_PATHS = "$(inherited) @executable_path/Frameworks";
				PRODUCT_BUNDLE_IDENTIFIER = HPU.Quiz;
				PRODUCT_NAME = "$(TARGET_NAME)";
				SWIFT_VERSION = 4.0;
				TARGETED_DEVICE_FAMILY = "1,2";
			};
			name = Debug;
		};
		1D5A8A70200F99BB00570FB0 /* Release */ = {
			isa = XCBuildConfiguration;
			buildSettings = {
				ASSETCATALOG_COMPILER_APPICON_NAME = AppIcon;
				CODE_SIGN_STYLE = Automatic;
				INFOPLIST_FILE = Quiz/Info.plist;
				LD_RUNPATH_SEARCH_PATHS = "$(inherited) @executable_path/Frameworks";
				PRODUCT_BUNDLE_IDENTIFIER = HPU.Quiz;
				PRODUCT_NAME = "$(TARGET_NAME)";
				SWIFT_VERSION = 4.0;
				TARGETED_DEVICE_FAMILY = "1,2";
			};
			name = Release;
		};
		1D5A8A72200F99BB00570FB0 /* Debug */ = {
			isa = XCBuildConfiguration;
			buildSettings = {
				ALWAYS_EMBED_SWIFT_STANDARD_LIBRARIES = YES;
				BUNDLE_LOADER = "$(TEST_HOST)";
				CODE_SIGN_STYLE = Automatic;
				INFOPLIST_FILE = QuizTests/Info.plist;
				LD_RUNPATH_SEARCH_PATHS = "$(inherited) @executable_path/Frameworks @loader_path/Frameworks";
				PRODUCT_BUNDLE_IDENTIFIER = HPU.QuizTests;
				PRODUCT_NAME = "$(TARGET_NAME)";
				SWIFT_VERSION = 4.0;
				TARGETED_DEVICE_FAMILY = "1,2";
				TEST_HOST = "$(BUILT_PRODUCTS_DIR)/Quiz.app/Quiz";
			};
			name = Debug;
		};
		1D5A8A73200F99BB00570FB0 /* Release */ = {
			isa = XCBuildConfiguration;
			buildSettings = {
				ALWAYS_EMBED_SWIFT_STANDARD_LIBRARIES = YES;
				BUNDLE_LOADER = "$(TEST_HOST)";
				CODE_SIGN_STYLE = Automatic;
				INFOPLIST_FILE = QuizTests/Info.plist;
				LD_RUNPATH_SEARCH_PATHS = "$(inherited) @executable_path/Frameworks @loader_path/Frameworks";
				PRODUCT_BUNDLE_IDENTIFIER = HPU.QuizTests;
				PRODUCT_NAME = "$(TARGET_NAME)";
				SWIFT_VERSION = 4.0;
				TARGETED_DEVICE_FAMILY = "1,2";
				TEST_HOST = "$(BUILT_PRODUCTS_DIR)/Quiz.app/Quiz";
			};
			name = Release;
		};
		1D5A8A75200F99BB00570FB0 /* Debug */ = {
			isa = XCBuildConfiguration;
			buildSettings = {
				ALWAYS_EMBED_SWIFT_STANDARD_LIBRARIES = YES;
				CODE_SIGN_STYLE = Automatic;
				INFOPLIST_FILE = QuizUITests/Info.plist;
				LD_RUNPATH_SEARCH_PATHS = "$(inherited) @executable_path/Frameworks @loader_path/Frameworks";
				PRODUCT_BUNDLE_IDENTIFIER = HPU.QuizUITests;
				PRODUCT_NAME = "$(TARGET_NAME)";
				SWIFT_VERSION = 4.0;
				TARGETED_DEVICE_FAMILY = "1,2";
				TEST_TARGET_NAME = Quiz;
			};
			name = Debug;
		};
		1D5A8A76200F99BB00570FB0 /* Release */ = {
			isa = XCBuildConfiguration;
			buildSettings = {
				ALWAYS_EMBED_SWIFT_STANDARD_LIBRARIES = YES;
				CODE_SIGN_STYLE = Automatic;
				INFOPLIST_FILE = QuizUITests/Info.plist;
				LD_RUNPATH_SEARCH_PATHS = "$(inherited) @executable_path/Frameworks @loader_path/Frameworks";
				PRODUCT_BUNDLE_IDENTIFIER = HPU.QuizUITests;
				PRODUCT_NAME = "$(TARGET_NAME)";
				SWIFT_VERSION = 4.0;
				TARGETED_DEVICE_FAMILY = "1,2";
				TEST_TARGET_NAME = Quiz;
			};
			name = Release;
		};
/* End XCBuildConfiguration section */

/* Begin XCConfigurationList section */
		1D5A8A41200F99BB00570FB0 /* Build configuration list for PBXProject "Quiz" */ = {
			isa = XCConfigurationList;
			buildConfigurations = (
				1D5A8A6C200F99BB00570FB0 /* Debug */,
				1D5A8A6D200F99BB00570FB0 /* Release */,
			);
			defaultConfigurationIsVisible = 0;
			defaultConfigurationName = Release;
		};
		1D5A8A6E200F99BB00570FB0 /* Build configuration list for PBXNativeTarget "Quiz" */ = {
			isa = XCConfigurationList;
			buildConfigurations = (
				1D5A8A6F200F99BB00570FB0 /* Debug */,
				1D5A8A70200F99BB00570FB0 /* Release */,
			);
			defaultConfigurationIsVisible = 0;
			defaultConfigurationName = Release;
		};
		1D5A8A71200F99BB00570FB0 /* Build configuration list for PBXNativeTarget "QuizTests" */ = {
			isa = XCConfigurationList;
			buildConfigurations = (
				1D5A8A72200F99BB00570FB0 /* Debug */,
				1D5A8A73200F99BB00570FB0 /* Release */,
			);
			defaultConfigurationIsVisible = 0;
			defaultConfigurationName = Release;
		};
		1D5A8A74200F99BB00570FB0 /* Build configuration list for PBXNativeTarget "QuizUITests" */ = {
			isa = XCConfigurationList;
			buildConfigurations = (
				1D5A8A75200F99BB00570FB0 /* Debug */,
				1D5A8A76200F99BB00570FB0 /* Release */,
			);
			defaultConfigurationIsVisible = 0;
			defaultConfigurationName = Release;
		};
/* End XCConfigurationList section */
	};
	rootObject = 1D5A8A3E200F99BB00570FB0 /* Project object */;
}
